
Microsoft Visual Studio Solution File, Format Version 12.00
# Visual Studio 14
VisualStudioVersion = 14.0.25420.1
MinimumVisualStudioVersion = 10.0.40219.1
Project("{F2A71F9B-5D33-465A-A702-920D77279786}") = "LivePipes.FSharp", "LivePipes.FSharp\LivePipes.FSharp.fsproj", "{25018155-03AA-4FBF-8517-72646AB5C404}"
EndProject
Project("{F2A71F9B-5D33-465A-A702-920D77279786}") = "LivePipes.FSharp.Tests", "LivePipes.FSharp.Tests\LivePipes.FSharp.Tests.fsproj", "{CA39465B-04E8-4311-8479-CCF5D8AE8623}"
EndProject
Global
	GlobalSection(SolutionConfigurationPlatforms) = preSolution
		Debug|Any CPU = Debug|Any CPU
		Release|Any CPU = Release|Any CPU
	EndGlobalSection
	GlobalSection(ProjectConfigurationPlatforms) = postSolution
		{25018155-03AA-4FBF-8517-72646AB5C404}.Debug|Any CPU.ActiveCfg = Debug|Any CPU
		{25018155-03AA-4FBF-8517-72646AB5C404}.Debug|Any CPU.Build.0 = Debug|Any CPU
		{25018155-03AA-4FBF-8517-72646AB5C404}.Release|Any CPU.ActiveCfg = Release|Any CPU
		{25018155-03AA-4FBF-8517-72646AB5C404}.Release|Any CPU.Build.0 = Release|Any CPU
		{CA39465B-04E8-4311-8479-CCF5D8AE8623}.Debug|Any CPU.ActiveCfg = Debug|Any CPU
		{CA39465B-04E8-4311-8479-CCF5D8AE8623}.Debug|Any CPU.Build.0 = Debug|Any CPU
		{CA39465B-04E8-4311-8479-CCF5D8AE8623}.Release|Any CPU.ActiveCfg = Release|Any CPU
		{CA39465B-04E8-4311-8479-CCF5D8AE8623}.Release|Any CPU.Build.0 = Release|Any CPU
	EndGlobalSection
	GlobalSection(SolutionProperties) = preSolution
		HideSolutionNode = FALSE
	EndGlobalSection
EndGlobal
